# This file is automatically @generated by Cargo.
# It is not intended for manual editing.
version = 4

[[package]]
name = "fluxum-cli"
version = "0.1.0"

[[package]]
name = "fluxum-core"
version = "0.1.0"

[[package]]
name = "fluxum-macros"
version = "0.1.0"

[[package]]
name = "fluxum-protocol"
version = "0.1.0"

[[package]]
name = "fluxum-server"
version = "0.1.0"
